
Microsoft Visual Studio Solution File, Format Version 12.00
# Visual Studio 14
VisualStudioVersion = 14.0.25420.1
MinimumVisualStudioVersion = 10.0.40219.1
Project("{FAE04EC0-301F-11D3-BF4B-00C04F79EFBC}") = "MvcTest", "MvcTest\MvcTest.csproj", "{82DF5FD7-D3F8-45B2-BE11-45BE62DCA0D2}"
EndProject
Project("{2150E333-8FDC-42A3-9474-1A3956D46DE8}") = "Data Access Layer", "Data Access Layer", "{3AE6CD76-BFEE-49F0-A901-9E88B6D1E907}"
EndProject
Project("{2150E333-8FDC-42A3-9474-1A3956D46DE8}") = "Model", "Model", "{B0D95006-EA7C-4F50-B40A-DD3C829A4A7D}"
EndProject
Project("{2150E333-8FDC-42A3-9474-1A3956D46DE8}") = "ViewModel", "ViewModel", "{3D3567CD-36DA-4954-B96D-D1D4704B614C}"
EndProject
Project("{2150E333-8FDC-42A3-9474-1A3956D46DE8}") = "View And Controller", "View And Controller", "{4755FA29-DFBA-4708-895E-E653FE4CAAB2}"
EndProject
Project("{FAE04EC0-301F-11D3-BF4B-00C04F79EFBC}") = "DataAccessLayer", "DataAccessLayer\DataAccessLayer.csproj", "{A0CC3149-AC78-4E96-8374-B54D7C5FAD0A}"
EndProject
Project("{FAE04EC0-301F-11D3-BF4B-00C04F79EFBC}") = "BusinessEntities", "BusinessEntities\BusinessEntities.csproj", "{7E982B17-D91B-4B30-9A34-8C5D70483442}"
EndProject
Project("{FAE04EC0-301F-11D3-BF4B-00C04F79EFBC}") = "BusinessLayer", "BusinessLayer\BusinessLayer.csproj", "{41280995-BCC8-40D9-956C-4F519238BFBD}"
EndProject
Project("{FAE04EC0-301F-11D3-BF4B-00C04F79EFBC}") = "ViewModel", "ViewModel\ViewModel.csproj", "{6BF24A30-0ED2-4275-BE69-5BD06C2DB4BD}"
EndProject
Global
	GlobalSection(SolutionConfigurationPlatforms) = preSolution
		Debug|Any CPU = Debug|Any CPU
		Release|Any CPU = Release|Any CPU
	EndGlobalSection
	GlobalSection(ProjectConfigurationPlatforms) = postSolution
		{82DF5FD7-D3F8-45B2-BE11-45BE62DCA0D2}.Debug|Any CPU.ActiveCfg = Debug|Any CPU
		{82DF5FD7-D3F8-45B2-BE11-45BE62DCA0D2}.Debug|Any CPU.Build.0 = Debug|Any CPU
		{82DF5FD7-D3F8-45B2-BE11-45BE62DCA0D2}.Release|Any CPU.ActiveCfg = Release|Any CPU
		{82DF5FD7-D3F8-45B2-BE11-45BE62DCA0D2}.Release|Any CPU.Build.0 = Release|Any CPU
		{A0CC3149-AC78-4E96-8374-B54D7C5FAD0A}.Debug|Any CPU.ActiveCfg = Debug|Any CPU
		{A0CC3149-AC78-4E96-8374-B54D7C5FAD0A}.Debug|Any CPU.Build.0 = Debug|Any CPU
		{A0CC3149-AC78-4E96-8374-B54D7C5FAD0A}.Release|Any CPU.ActiveCfg = Release|Any CPU
		{A0CC3149-AC78-4E96-8374-B54D7C5FAD0A}.Release|Any CPU.Build.0 = Release|Any CPU
		{7E982B17-D91B-4B30-9A34-8C5D70483442}.Debug|Any CPU.ActiveCfg = Debug|Any CPU
		{7E982B17-D91B-4B30-9A34-8C5D70483442}.Debug|Any CPU.Build.0 = Debug|Any CPU
		{7E982B17-D91B-4B30-9A34-8C5D70483442}.Release|Any CPU.ActiveCfg = Release|Any CPU
		{7E982B17-D91B-4B30-9A34-8C5D70483442}.Release|Any CPU.Build.0 = Release|Any CPU
		{41280995-BCC8-40D9-956C-4F519238BFBD}.Debug|Any CPU.ActiveCfg = Debug|Any CPU
		{41280995-BCC8-40D9-956C-4F519238BFBD}.Debug|Any CPU.Build.0 = Debug|Any CPU
		{41280995-BCC8-40D9-956C-4F519238BFBD}.Release|Any CPU.ActiveCfg = Release|Any CPU
		{41280995-BCC8-40D9-956C-4F519238BFBD}.Release|Any CPU.Build.0 = Release|Any CPU
		{6BF24A30-0ED2-4275-BE69-5BD06C2DB4BD}.Debug|Any CPU.ActiveCfg = Debug|Any CPU
		{6BF24A30-0ED2-4275-BE69-5BD06C2DB4BD}.Debug|Any CPU.Build.0 = Debug|Any CPU
		{6BF24A30-0ED2-4275-BE69-5BD06C2DB4BD}.Release|Any CPU.ActiveCfg = Release|Any CPU
		{6BF24A30-0ED2-4275-BE69-5BD06C2DB4BD}.Release|Any CPU.Build.0 = Release|Any CPU
	EndGlobalSection
	GlobalSection(SolutionProperties) = preSolution
		HideSolutionNode = FALSE
	EndGlobalSection
	GlobalSection(NestedProjects) = preSolution
		{A0CC3149-AC78-4E96-8374-B54D7C5FAD0A} = {3AE6CD76-BFEE-49F0-A901-9E88B6D1E907}
		{7E982B17-D91B-4B30-9A34-8C5D70483442} = {B0D95006-EA7C-4F50-B40A-DD3C829A4A7D}
		{41280995-BCC8-40D9-956C-4F519238BFBD} = {B0D95006-EA7C-4F50-B40A-DD3C829A4A7D}
		{6BF24A30-0ED2-4275-BE69-5BD06C2DB4BD} = {3D3567CD-36DA-4954-B96D-D1D4704B614C}
	EndGlobalSection
EndGlobal
